
Microsoft Visual Studio Solution File, Format Version 12.00
# Visual Studio 15
VisualStudioVersion = 15.0.27130.2036
MinimumVisualStudioVersion = 10.0.40219.1
Project("{8BC9CEB8-8B4A-11D0-8D11-00A0C91BC942}") = "Tests", "Tests\Tests.vcxproj", "{EA5B5424-A462-4E70-AA3B-82D7CE6EDA99}"
	ProjectSection(ProjectDependencies) = postProject
		{15CC4BCE-58C0-42DF-8A1C-0AFE7300AB3C} = {15CC4BCE-58C0-42DF-8A1C-0AFE7300AB3C}
	EndProjectSection
EndProject
Project("{8BC9CEB8-8B4A-11D0-8D11-00A0C91BC942}") = "TestSuite", "TestSuite\TestSuite.vcxproj", "{E229CF5A-1B4E-485D-83CD-E2D2D1D28924}"
EndProject
Project("{8BC9CEB8-8B4A-11D0-8D11-00A0C91BC942}") = "Core", "Core\Core.vcxproj", "{15CC4BCE-58C0-42DF-8A1C-0AFE7300AB3C}"
EndProject
Project("{8BC9CEB8-8B4A-11D0-8D11-00A0C91BC942}") = "Renderer", "Renderer\Renderer.vcxproj", "{217B1213-77E0-433C-99E6-752129729C75}"
	ProjectSection(ProjectDependencies) = postProject
		{15CC4BCE-58C0-42DF-8A1C-0AFE7300AB3C} = {15CC4BCE-58C0-42DF-8A1C-0AFE7300AB3C}
	EndProjectSection
EndProject
Project("{8BC9CEB8-8B4A-11D0-8D11-00A0C91BC942}") = "Engine", "Engine\Engine.vcxproj", "{D3886BA8-20B8-49B8-8BE2-23FEF0B6DEB2}"
	ProjectSection(ProjectDependencies) = postProject
		{217B1213-77E0-433C-99E6-752129729C75} = {217B1213-77E0-433C-99E6-752129729C75}
		{A8C9656B-8D05-4C40-80D8-2D053C159ABB} = {A8C9656B-8D05-4C40-80D8-2D053C159ABB}
		{15CC4BCE-58C0-42DF-8A1C-0AFE7300AB3C} = {15CC4BCE-58C0-42DF-8A1C-0AFE7300AB3C}
		{DB6865CF-963B-4A37-9288-9B63547C7F72} = {DB6865CF-963B-4A37-9288-9B63547C7F72}
	EndProjectSection
EndProject
Project("{8BC9CEB8-8B4A-11D0-8D11-00A0C91BC942}") = "Platform", "Platform\Platform.vcxproj", "{DB6865CF-963B-4A37-9288-9B63547C7F72}"
EndProject
Project("{8BC9CEB8-8B4A-11D0-8D11-00A0C91BC942}") = "Math", "Math\Math.vcxproj", "{A8C9656B-8D05-4C40-80D8-2D053C159ABB}"
EndProject
Global
	GlobalSection(SolutionConfigurationPlatforms) = preSolution
		Debug|Any CPU = Debug|Any CPU
		Debug|x64 = Debug|x64
		Debug|x86 = Debug|x86
		Release|Any CPU = Release|Any CPU
		Release|x64 = Release|x64
		Release|x86 = Release|x86
	EndGlobalSection
	GlobalSection(ProjectConfigurationPlatforms) = postSolution
		{EA5B5424-A462-4E70-AA3B-82D7CE6EDA99}.Debug|Any CPU.ActiveCfg = Debug|Win32
		{EA5B5424-A462-4E70-AA3B-82D7CE6EDA99}.Debug|x64.ActiveCfg = Debug|x64
		{EA5B5424-A462-4E70-AA3B-82D7CE6EDA99}.Debug|x64.Build.0 = Debug|x64
		{EA5B5424-A462-4E70-AA3B-82D7CE6EDA99}.Debug|x86.ActiveCfg = Debug|Win32
		{EA5B5424-A462-4E70-AA3B-82D7CE6EDA99}.Debug|x86.Build.0 = Debug|Win32
		{EA5B5424-A462-4E70-AA3B-82D7CE6EDA99}.Release|Any CPU.ActiveCfg = Release|Win32
		{EA5B5424-A462-4E70-AA3B-82D7CE6EDA99}.Release|x64.ActiveCfg = Release|x64
		{EA5B5424-A462-4E70-AA3B-82D7CE6EDA99}.Release|x64.Build.0 = Release|x64
		{EA5B5424-A462-4E70-AA3B-82D7CE6EDA99}.Release|x86.ActiveCfg = Release|Win32
		{EA5B5424-A462-4E70-AA3B-82D7CE6EDA99}.Release|x86.Build.0 = Release|Win32
		{E229CF5A-1B4E-485D-83CD-E2D2D1D28924}.Debug|Any CPU.ActiveCfg = Debug|Win32
		{E229CF5A-1B4E-485D-83CD-E2D2D1D28924}.Debug|x64.ActiveCfg = Debug|x64
		{E229CF5A-1B4E-485D-83CD-E2D2D1D28924}.Debug|x64.Build.0 = Debug|x64
		{E229CF5A-1B4E-485D-83CD-E2D2D1D28924}.Debug|x86.ActiveCfg = Debug|Win32
		{E229CF5A-1B4E-485D-83CD-E2D2D1D28924}.Debug|x86.Build.0 = Debug|Win32
		{E229CF5A-1B4E-485D-83CD-E2D2D1D28924}.Release|Any CPU.ActiveCfg = Release|Win32
		{E229CF5A-1B4E-485D-83CD-E2D2D1D28924}.Release|x64.ActiveCfg = Release|x64
		{E229CF5A-1B4E-485D-83CD-E2D2D1D28924}.Release|x64.Build.0 = Release|x64
		{E229CF5A-1B4E-485D-83CD-E2D2D1D28924}.Release|x86.ActiveCfg = Release|Win32
		{E229CF5A-1B4E-485D-83CD-E2D2D1D28924}.Release|x86.Build.0 = Release|Win32
		{15CC4BCE-58C0-42DF-8A1C-0AFE7300AB3C}.Debug|Any CPU.ActiveCfg = Debug|Win32
		{15CC4BCE-58C0-42DF-8A1C-0AFE7300AB3C}.Debug|x64.ActiveCfg = Debug|x64
		{15CC4BCE-58C0-42DF-8A1C-0AFE7300AB3C}.Debug|x64.Build.0 = Debug|x64
		{15CC4BCE-58C0-42DF-8A1C-0AFE7300AB3C}.Debug|x86.ActiveCfg = Debug|Win32
		{15CC4BCE-58C0-42DF-8A1C-0AFE7300AB3C}.Debug|x86.Build.0 = Debug|Win32
		{15CC4BCE-58C0-42DF-8A1C-0AFE7300AB3C}.Release|Any CPU.ActiveCfg = Release|Win32
		{15CC4BCE-58C0-42DF-8A1C-0AFE7300AB3C}.Release|x64.ActiveCfg = Release|x64
		{15CC4BCE-58C0-42DF-8A1C-0AFE7300AB3C}.Release|x64.Build.0 = Release|x64
		{15CC4BCE-58C0-42DF-8A1C-0AFE7300AB3C}.Release|x86.ActiveCfg = Release|Win32
		{15CC4BCE-58C0-42DF-8A1C-0AFE7300AB3C}.Release|x86.Build.0 = Release|Win32
		{217B1213-77E0-433C-99E6-752129729C75}.Debug|Any CPU.ActiveCfg = Debug|Win32
		{217B1213-77E0-433C-99E6-752129729C75}.Debug|x64.ActiveCfg = Debug|x64
		{217B1213-77E0-433C-99E6-752129729C75}.Debug|x64.Build.0 = Debug|x64
		{217B1213-77E0-433C-99E6-752129729C75}.Debug|x86.ActiveCfg = Debug|Win32
		{217B1213-77E0-433C-99E6-752129729C75}.Debug|x86.Build.0 = Debug|Win32
		{217B1213-77E0-433C-99E6-752129729C75}.Release|Any CPU.ActiveCfg = Release|Win32
		{217B1213-77E0-433C-99E6-752129729C75}.Release|x64.ActiveCfg = Release|x64
		{217B1213-77E0-433C-99E6-752129729C75}.Release|x64.Build.0 = Release|x64
		{217B1213-77E0-433C-99E6-752129729C75}.Release|x86.ActiveCfg = Release|Win32
		{217B1213-77E0-433C-99E6-752129729C75}.Release|x86.Build.0 = Release|Win32
		{D3886BA8-20B8-49B8-8BE2-23FEF0B6DEB2}.Debug|Any CPU.ActiveCfg = Debug|Win32
		{D3886BA8-20B8-49B8-8BE2-23FEF0B6DEB2}.Debug|x64.ActiveCfg = Debug|x64
		{D3886BA8-20B8-49B8-8BE2-23FEF0B6DEB2}.Debug|x64.Build.0 = Debug|x64
		{D3886BA8-20B8-49B8-8BE2-23FEF0B6DEB2}.Debug|x86.ActiveCfg = Debug|Win32
		{D3886BA8-20B8-49B8-8BE2-23FEF0B6DEB2}.Debug|x86.Build.0 = Debug|Win32
		{D3886BA8-20B8-49B8-8BE2-23FEF0B6DEB2}.Release|Any CPU.ActiveCfg = Release|Win32
		{D3886BA8-20B8-49B8-8BE2-23FEF0B6DEB2}.Release|x64.ActiveCfg = Release|x64
		{D3886BA8-20B8-49B8-8BE2-23FEF0B6DEB2}.Release|x64.Build.0 = Release|x64
		{D3886BA8-20B8-49B8-8BE2-23FEF0B6DEB2}.Release|x86.ActiveCfg = Release|Win32
		{D3886BA8-20B8-49B8-8BE2-23FEF0B6DEB2}.Release|x86.Build.0 = Release|Win32
		{DB6865CF-963B-4A37-9288-9B63547C7F72}.Debug|Any CPU.ActiveCfg = Debug|Win32
		{DB6865CF-963B-4A37-9288-9B63547C7F72}.Debug|x64.ActiveCfg = Debug|x64
		{DB6865CF-963B-4A37-9288-9B63547C7F72}.Debug|x64.Build.0 = Debug|x64
		{DB6865CF-963B-4A37-9288-9B63547C7F72}.Debug|x86.ActiveCfg = Debug|Win32
		{DB6865CF-963B-4A37-9288-9B63547C7F72}.Debug|x86.Build.0 = Debug|Win32
		{DB6865CF-963B-4A37-9288-9B63547C7F72}.Release|Any CPU.ActiveCfg = Release|Win32
		{DB6865CF-963B-4A37-9288-9B63547C7F72}.Release|x64.ActiveCfg = Release|x64
		{DB6865CF-963B-4A37-9288-9B63547C7F72}.Release|x64.Build.0 = Release|x64
		{DB6865CF-963B-4A37-9288-9B63547C7F72}.Release|x86.ActiveCfg = Release|Win32
		{DB6865CF-963B-4A37-9288-9B63547C7F72}.Release|x86.Build.0 = Release|Win32
		{A8C9656B-8D05-4C40-80D8-2D053C159ABB}.Debug|Any CPU.ActiveCfg = Debug|Win32
		{A8C9656B-8D05-4C40-80D8-2D053C159ABB}.Debug|x64.ActiveCfg = Debug|x64
		{A8C9656B-8D05-4C40-80D8-2D053C159ABB}.Debug|x64.Build.0 = Debug|x64
		{A8C9656B-8D05-4C40-80D8-2D053C159ABB}.Debug|x86.ActiveCfg = Debug|Win32
		{A8C9656B-8D05-4C40-80D8-2D053C159ABB}.Debug|x86.Build.0 = Debug|Win32
		{A8C9656B-8D05-4C40-80D8-2D053C159ABB}.Release|Any CPU.ActiveCfg = Release|Win32
		{A8C9656B-8D05-4C40-80D8-2D053C159ABB}.Release|x64.ActiveCfg = Release|x64
		{A8C9656B-8D05-4C40-80D8-2D053C159ABB}.Release|x64.Build.0 = Release|x64
		{A8C9656B-8D05-4C40-80D8-2D053C159ABB}.Release|x86.ActiveCfg = Release|Win32
		{A8C9656B-8D05-4C40-80D8-2D053C159ABB}.Release|x86.Build.0 = Release|Win32
	EndGlobalSection
	GlobalSection(SolutionProperties) = preSolution
		HideSolutionNode = FALSE
	EndGlobalSection
	GlobalSection(ExtensibilityGlobals) = postSolution
		SolutionGuid = {289990A0-5B80-493D-B148-91AC1EB4385C}
	EndGlobalSection
EndGlobal
