<?xml version="1.0" encoding="utf-8"?>
<Project ToolsVersion="4.0" xmlns="http://schemas.microsoft.com/developer/msbuild/2003">
  <ItemGroup>
    <ClInclude Include="FileSystem\FileSystemEvent.h" />
    <ClInclude Include="platform\platform_module.h" />
    <ClInclude Include="module.h" />
    <ClInclude Include="engine.h" />
    <ClInclude Include="common\config.h" />
    <ClInclude Include="common\log.h" />
    <ClInclude Include="Frame\frame_module.h" />
    <ClInclude Include="Frame\frame.h" />
    <ClInclude Include="memory\permanent_allocator.h" />
    <ClInclude Include="Memory\memory_module.h" />
    <ClInclude Include="resources\manager\resources_factory.h" />
    <ClInclude Include="resources\manager\resources_manager.h" />
    <ClInclude Include="resources\resource_event.h" />
    <ClInclude Include="resources\resource_internal_event.h" />
    <ClInclude Include="resources\resource_module.h" />
    <ClInclude Include="Resources\resource_manager\texture_manager.h" />
    <ClInclude Include="Resources\resource_manager\shader_stage_manager.h" />
    <ClInclude Include="Resources\resource_manager\shader_program_manager.h" />
    <ClInclude Include="Resources\resource_manager\render_object_manager.h" />
    <ClInclude Include="Resources\resource_manager\mesh_manager.h" />
    <ClInclude Include="Resources\resource_manager\material_manager.h" />
    <ClInclude Include="Resources\resource_manager\iresource_type_factory.h" />
    <ClInclude Include="Util\handle_manager.h" />
    <ClInclude Include="world\manager\scene.h" />
    <ClInclude Include="world\world_event.h" />
    <ClInclude Include="render\render_module.h" />
    <ClInclude Include="render\render_event.h" />
    <ClInclude Include="world\manager\entity_manager.h" />
    <ClInclude Include="render\manager\render_object_component_manager.h" />
    <ClInclude Include="filesystem\internal\file_system_wrapper.h" />
    <ClInclude Include="filesystem\manager\io_manager.h" />
    <ClInclude Include="data_callback_querylist.h" />
    <ClInclude Include="data_to_load.h" />
    <ClInclude Include="world\entity.h" />
    <ClInclude Include="world\world_module.h" />
    <ClInclude Include="world\manager\transform2d_component_manager.h" />
    <ClInclude Include="file_system\file_system_module.h" />
    <ClInclude Include="file_system\internal\file_system_wrapper.h" />
    <ClInclude Include="file_system\internal\file_watcher.h" />
    <ClInclude Include="file_system\internal\read_stream.h" />
    <ClInclude Include="file_system\internal\serialization.h" />
    <ClInclude Include="file_system\internal\write_stream.h" />
    <ClInclude Include="file_system\manager\io_manager.h" />
    <ClInclude Include="file_system\manager\string_hashbank.h" />
    <ClInclude Include="file_system\file_system_event.h" />
    <ClInclude Include="resources\resources.h" />
    <ClInclude Include="resources\resource_util.h" />
    <ClInclude Include="resources\template\material_template.h" />
    <ClInclude Include="resources\resource.h" />
    <ClInclude Include="common\export.h" />
    <ClInclude Include="render\pipeline\render_pipeline.h" />
    <ClInclude Include="script\script_module.h" />
    <ClInclude Include="script\iscript.h" />
    <ClInclude Include="script\manager\script_component_manager.h" />
    <ClInclude Include="script\script_register.h" />
    <ClInclude Include="script\script_test.h" />
    <ClInclude Include="script\manager\script_types.h" />
  </ItemGroup>
  <ItemGroup>
    <ClCompile Include="platform\platform_module.cpp" />
    <ClCompile Include="engine.cpp" />
    <ClCompile Include="common\log.cpp" />
    <ClCompile Include="Frame\frame_module.cpp" />
    <ClCompile Include="memory\permanent_allocator.cpp" />
    <ClCompile Include="Memory\memory_module.cpp" />
    <ClCompile Include="resources\manager\resources_factory.cpp" />
    <ClCompile Include="resources\manager\resources_manager.cpp" />
    <ClCompile Include="resources\resource_module.cpp" />
    <ClCompile Include="Resources\resource_manager\texture_manager.cpp" />
    <ClCompile Include="Resources\resource_manager\shader_stage_manager.cpp" />
    <ClCompile Include="Resources\resource_manager\shader_program_manager.cpp" />
    <ClCompile Include="Resources\resource_manager\mesh_manager.cpp" />
    <ClCompile Include="Resources\resource_manager\material_manager.cpp" />
    <ClCompile Include="Util\handle_manager.cpp" />
    <ClCompile Include="World\world_module.cpp" />
    <ClCompile Include="world\manager\scene.cpp" />
    <ClCompile Include="render\render_module.cpp" />
    <ClCompile Include="world\manager\entity_manager.cpp" />
    <ClCompile Include="render\manager\render_object_component_manager.cpp" />
    <ClCompile Include="data_callback_querylist.cpp" />
    <ClCompile Include="world\manager\transform2d_component_manager.cpp" />
    <ClCompile Include="resources\resource_manager\render_object_manager.cpp" />
    <ClCompile Include="file_system\internal\file_system_wrapper.cpp" />
    <ClCompile Include="file_system\internal\file_watcher.cpp" />
    <ClCompile Include="file_system\manager\io_manager.cpp" />
    <ClCompile Include="file_system\manager\string_hashbank.cpp" />
    <ClCompile Include="file_system\file_system_module.cpp" />
    <ClCompile Include="resources\template\material_template.cpp" />
    <ClCompile Include="render\pipeline\render_pipeline.cpp" />
    <ClCompile Include="script\script_module.cpp" />
    <ClCompile Include="script\manager\script_component_manager.cpp" />
    <ClCompile Include="script\script_test.cpp" />
    <ClCompile Include="script\manager\script_types.cpp" />
    <ClCompile Include="script\script_register.cpp" />
  </ItemGroup>
</Project>